
Microsoft Visual Studio Solution File, Format Version 12.00
# Visual Studio Version 17
VisualStudioVersion = 17.3.32804.467
MinimumVisualStudioVersion = 10.0.40219.1
Project("{FAE04EC0-301F-11D3-BF4B-00C04F79EFBC}") = "LongFactorial", "Learning\LongFactorial.csproj", "{4BD2C9D3-8625-425B-BAEE-E7F191F971C8}"
EndProject
Project("{FAE04EC0-301F-11D3-BF4B-00C04F79EFBC}") = "Pluses", "Pluses\Pluses.csproj", "{2F04CFD7-3061-4582-97CF-FB26EDE1A8B2}"
EndProject
Global
	GlobalSection(SolutionConfigurationPlatforms) = preSolution
		Debug|Any CPU = Debug|Any CPU
		Release|Any CPU = Release|Any CPU
	EndGlobalSection
	GlobalSection(ProjectConfigurationPlatforms) = postSolution
		{4BD2C9D3-8625-425B-BAEE-E7F191F971C8}.Debug|Any CPU.ActiveCfg = Debug|Any CPU
		{4BD2C9D3-8625-425B-BAEE-E7F191F971C8}.Debug|Any CPU.Build.0 = Debug|Any CPU
		{4BD2C9D3-8625-425B-BAEE-E7F191F971C8}.Release|Any CPU.ActiveCfg = Release|Any CPU
		{4BD2C9D3-8625-425B-BAEE-E7F191F971C8}.Release|Any CPU.Build.0 = Release|Any CPU
		{2F04CFD7-3061-4582-97CF-FB26EDE1A8B2}.Debug|Any CPU.ActiveCfg = Debug|Any CPU
		{2F04CFD7-3061-4582-97CF-FB26EDE1A8B2}.Debug|Any CPU.Build.0 = Debug|Any CPU
		{2F04CFD7-3061-4582-97CF-FB26EDE1A8B2}.Release|Any CPU.ActiveCfg = Release|Any CPU
		{2F04CFD7-3061-4582-97CF-FB26EDE1A8B2}.Release|Any CPU.Build.0 = Release|Any CPU
	EndGlobalSection
	GlobalSection(SolutionProperties) = preSolution
		HideSolutionNode = FALSE
	EndGlobalSection
	GlobalSection(ExtensibilityGlobals) = postSolution
		SolutionGuid = {1DEB7683-9DEE-4BF1-A49D-8DD15B034457}
	EndGlobalSection
EndGlobal
